
Microsoft Visual Studio Solution File, Format Version 12.00
# Visual Studio Version 17
VisualStudioVersion = 17.2.32505.173
MinimumVisualStudioVersion = 10.0.40219.1
Project("{2150E333-8FDC-42A3-9474-1A3956D46DE8}") = "Services", "Services", "{6C47E821-B9AB-41E7-8CB0-B403D644A6AE}"
EndProject
Project("{2150E333-8FDC-42A3-9474-1A3956D46DE8}") = "BuildingBlocks", "BuildingBlocks", "{B8E0DA0E-4184-4A6A-A779-8B864E48D442}"
EndProject
Project("{2150E333-8FDC-42A3-9474-1A3956D46DE8}") = "Catalog", "Catalog", "{AC6B4172-256A-4A3E-BEC0-A2123A10CA68}"
EndProject
Project("{2150E333-8FDC-42A3-9474-1A3956D46DE8}") = "Basket", "Basket", "{A925DD24-48BC-401D-A79C-74B1B48A5F7F}"
EndProject
Project("{9A19103F-16F7-4668-BE54-9A1E7A4F7556}") = "Basket.Api", "Basket.Api\Basket.Api.csproj", "{901FDC6A-3145-4B12-8E9B-EF8DFFA43C4A}"
EndProject
Project("{9A19103F-16F7-4668-BE54-9A1E7A4F7556}") = "Catalog.Api", "Catalog.Api\Catalog.Api\Catalog.Api.csproj", "{09826552-4094-4AA9-9B52-C3F9D50E4F43}"
EndProject
Project("{E53339B2-1760-4266-BCC7-CA923CBCF16C}") = "docker-compose", "Catalog.Api\docker-compose.dcproj", "{FF0A7A47-1B3F-4DAC-9B57-C9A476027709}"
EndProject
Project("{2150E333-8FDC-42A3-9474-1A3956D46DE8}") = "Ordering", "Ordering", "{D5DFA4D1-5A5D-412A-A5C2-06BEE08A6981}"
EndProject
Project("{FAE04EC0-301F-11D3-BF4B-00C04F79EFBC}") = "Ordering.Api", "Ordering.Api\Ordering.Api.csproj", "{01C79E80-398F-490C-8ECD-BC501AE74357}"
EndProject
Project("{FAE04EC0-301F-11D3-BF4B-00C04F79EFBC}") = "Ordering.Application", "Ordering.Application\Ordering.Application.csproj", "{ED47368E-DA4F-4D30-ACD5-251999BC980F}"
EndProject
Project("{FAE04EC0-301F-11D3-BF4B-00C04F79EFBC}") = "Ordering.Domain", "Ordering.Domain\Ordering.Domain.csproj", "{B3E3C36C-F488-4CE6-BCA0-B212DFA30BD3}"
EndProject
Project("{FAE04EC0-301F-11D3-BF4B-00C04F79EFBC}") = "Ordering.Infraestructure", "Ordering.Infraestructure\Ordering.Infraestructure.csproj", "{4FBEE3F2-D829-4958-B1B3-FACF79ED08A2}"
EndProject
Global
	GlobalSection(SolutionConfigurationPlatforms) = preSolution
		Debug|Any CPU = Debug|Any CPU
		Release|Any CPU = Release|Any CPU
	EndGlobalSection
	GlobalSection(ProjectConfigurationPlatforms) = postSolution
		{901FDC6A-3145-4B12-8E9B-EF8DFFA43C4A}.Debug|Any CPU.ActiveCfg = Debug|Any CPU
		{901FDC6A-3145-4B12-8E9B-EF8DFFA43C4A}.Debug|Any CPU.Build.0 = Debug|Any CPU
		{901FDC6A-3145-4B12-8E9B-EF8DFFA43C4A}.Release|Any CPU.ActiveCfg = Release|Any CPU
		{901FDC6A-3145-4B12-8E9B-EF8DFFA43C4A}.Release|Any CPU.Build.0 = Release|Any CPU
		{09826552-4094-4AA9-9B52-C3F9D50E4F43}.Debug|Any CPU.ActiveCfg = Debug|Any CPU
		{09826552-4094-4AA9-9B52-C3F9D50E4F43}.Debug|Any CPU.Build.0 = Debug|Any CPU
		{09826552-4094-4AA9-9B52-C3F9D50E4F43}.Release|Any CPU.ActiveCfg = Release|Any CPU
		{09826552-4094-4AA9-9B52-C3F9D50E4F43}.Release|Any CPU.Build.0 = Release|Any CPU
		{FF0A7A47-1B3F-4DAC-9B57-C9A476027709}.Debug|Any CPU.ActiveCfg = Debug|Any CPU
		{FF0A7A47-1B3F-4DAC-9B57-C9A476027709}.Debug|Any CPU.Build.0 = Debug|Any CPU
		{FF0A7A47-1B3F-4DAC-9B57-C9A476027709}.Release|Any CPU.ActiveCfg = Release|Any CPU
		{FF0A7A47-1B3F-4DAC-9B57-C9A476027709}.Release|Any CPU.Build.0 = Release|Any CPU
		{01C79E80-398F-490C-8ECD-BC501AE74357}.Debug|Any CPU.ActiveCfg = Debug|Any CPU
		{01C79E80-398F-490C-8ECD-BC501AE74357}.Debug|Any CPU.Build.0 = Debug|Any CPU
		{01C79E80-398F-490C-8ECD-BC501AE74357}.Release|Any CPU.ActiveCfg = Release|Any CPU
		{01C79E80-398F-490C-8ECD-BC501AE74357}.Release|Any CPU.Build.0 = Release|Any CPU
		{ED47368E-DA4F-4D30-ACD5-251999BC980F}.Debug|Any CPU.ActiveCfg = Debug|Any CPU
		{ED47368E-DA4F-4D30-ACD5-251999BC980F}.Debug|Any CPU.Build.0 = Debug|Any CPU
		{ED47368E-DA4F-4D30-ACD5-251999BC980F}.Release|Any CPU.ActiveCfg = Release|Any CPU
		{ED47368E-DA4F-4D30-ACD5-251999BC980F}.Release|Any CPU.Build.0 = Release|Any CPU
		{B3E3C36C-F488-4CE6-BCA0-B212DFA30BD3}.Debug|Any CPU.ActiveCfg = Debug|Any CPU
		{B3E3C36C-F488-4CE6-BCA0-B212DFA30BD3}.Debug|Any CPU.Build.0 = Debug|Any CPU
		{B3E3C36C-F488-4CE6-BCA0-B212DFA30BD3}.Release|Any CPU.ActiveCfg = Release|Any CPU
		{B3E3C36C-F488-4CE6-BCA0-B212DFA30BD3}.Release|Any CPU.Build.0 = Release|Any CPU
		{4FBEE3F2-D829-4958-B1B3-FACF79ED08A2}.Debug|Any CPU.ActiveCfg = Debug|Any CPU
		{4FBEE3F2-D829-4958-B1B3-FACF79ED08A2}.Debug|Any CPU.Build.0 = Debug|Any CPU
		{4FBEE3F2-D829-4958-B1B3-FACF79ED08A2}.Release|Any CPU.ActiveCfg = Release|Any CPU
		{4FBEE3F2-D829-4958-B1B3-FACF79ED08A2}.Release|Any CPU.Build.0 = Release|Any CPU
	EndGlobalSection
	GlobalSection(SolutionProperties) = preSolution
		HideSolutionNode = FALSE
	EndGlobalSection
	GlobalSection(NestedProjects) = preSolution
		{AC6B4172-256A-4A3E-BEC0-A2123A10CA68} = {6C47E821-B9AB-41E7-8CB0-B403D644A6AE}
		{A925DD24-48BC-401D-A79C-74B1B48A5F7F} = {6C47E821-B9AB-41E7-8CB0-B403D644A6AE}
		{901FDC6A-3145-4B12-8E9B-EF8DFFA43C4A} = {A925DD24-48BC-401D-A79C-74B1B48A5F7F}
		{09826552-4094-4AA9-9B52-C3F9D50E4F43} = {AC6B4172-256A-4A3E-BEC0-A2123A10CA68}
		{FF0A7A47-1B3F-4DAC-9B57-C9A476027709} = {6C47E821-B9AB-41E7-8CB0-B403D644A6AE}
		{D5DFA4D1-5A5D-412A-A5C2-06BEE08A6981} = {6C47E821-B9AB-41E7-8CB0-B403D644A6AE}
		{01C79E80-398F-490C-8ECD-BC501AE74357} = {D5DFA4D1-5A5D-412A-A5C2-06BEE08A6981}
		{ED47368E-DA4F-4D30-ACD5-251999BC980F} = {D5DFA4D1-5A5D-412A-A5C2-06BEE08A6981}
		{B3E3C36C-F488-4CE6-BCA0-B212DFA30BD3} = {D5DFA4D1-5A5D-412A-A5C2-06BEE08A6981}
		{4FBEE3F2-D829-4958-B1B3-FACF79ED08A2} = {D5DFA4D1-5A5D-412A-A5C2-06BEE08A6981}
	EndGlobalSection
	GlobalSection(ExtensibilityGlobals) = postSolution
		SolutionGuid = {C07CDF6F-C64C-4F5B-B7C4-E0C8170DEF5B}
	EndGlobalSection
EndGlobal
